// !$*UTF8*$!
{
	archiveVersion = 1;
	classes = {
	};
	objectVersion = 46;
	objects = {

/* Begin PBXAggregateTarget section */
		586A9EF82B19486BBFEAFC6D /* ZERO_CHECK */ = {
			isa = PBXAggregateTarget;
			buildConfigurationList = 0B55B1411225436090E129DB /* Build configuration list for PBXAggregateTarget "ZERO_CHECK" */;
			buildPhases = (
				1FEB4920577F47A58E3F51D5 /* CMake Rules */,
			);
			dependencies = (
			);
			name = ZERO_CHECK;
			productName = ZERO_CHECK;
		};
		75D03955FC8A4E76BA0D5143 /* ALL_BUILD */ = {
			isa = PBXAggregateTarget;
			buildConfigurationList = 9B1B1202397D4C82A2E0DE37 /* Build configuration list for PBXAggregateTarget "ALL_BUILD" */;
			buildPhases = (
				B16B0630B55845F49FB37423 /* CMake Rules */,
			);
			dependencies = (
				6EEC23268D8B4AFBA7196A21 /* PBXTargetDependency */,
				2B24CD5ECA124357A92C2E61 /* PBXTargetDependency */,
			);
			name = ALL_BUILD;
			productName = ALL_BUILD;
		};
/* End PBXAggregateTarget section */

/* Begin PBXBuildFile section */
		372E487C1CD71E76006E66D5 /* CFNetwork.framework in Frameworks */ = {isa = PBXBuildFile; fileRef = 372E487B1CD71E76006E66D5 /* CFNetwork.framework */; };
		372E487E1CD71EB6006E66D5 /* IOKit.framework in Frameworks */ = {isa = PBXBuildFile; fileRef = 372E487D1CD71EB6006E66D5 /* IOKit.framework */; };
		372E48801CD71EBA006E66D5 /* OpenGL.framework in Frameworks */ = {isa = PBXBuildFile; fileRef = 372E487F1CD71EBA006E66D5 /* OpenGL.framework */; };
		372E48821CD71EC0006E66D5 /* CoreFoundation.framework in Frameworks */ = {isa = PBXBuildFile; fileRef = 372E48811CD71EC0006E66D5 /* CoreFoundation.framework */; };
		372E48841CD71EC5006E66D5 /* Foundation.framework in Frameworks */ = {isa = PBXBuildFile; fileRef = 372E48831CD71EC5006E66D5 /* Foundation.framework */; };
		372E48861CD71EC9006E66D5 /* CoreGraphics.framework in Frameworks */ = {isa = PBXBuildFile; fileRef = 372E48851CD71EC9006E66D5 /* CoreGraphics.framework */; };
		372E48881CD71ED3006E66D5 /* Cocoa.framework in Frameworks */ = {isa = PBXBuildFile; fileRef = 372E48871CD71ED3006E66D5 /* Cocoa.framework */; };
		372E488A1CD71EDF006E66D5 /* CoreVideo.framework in Frameworks */ = {isa = PBXBuildFile; fileRef = 372E48891CD71EDF006E66D5 /* CoreVideo.framework */; };
		C0F963A2A8D4403F81C9A2E3 /* main.cpp in Sources */ = {isa = PBXBuildFile; fileRef = B80F5194FA9E4BEA977731DE /* main.cpp */; settings = {COMPILER_FLAGS = ""; }; };
/* End PBXBuildFile section */

/* Begin PBXContainerItemProxy section */
		0457774BA4B744DB9FD09EA3 /* PBXContainerItemProxy */ = {
			isa = PBXContainerItemProxy;
			containerPortal = E934B03CD95244B18E115C28 /* Project object */;
			proxyType = 1;
			remoteGlobalIDString = 586A9EF82B19486BBFEAFC6D;
			remoteInfo = ZERO_CHECK;
		};
		5751F5F423A94899B3EFB57C /* PBXContainerItemProxy */ = {
			isa = PBXContainerItemProxy;
			containerPortal = E934B03CD95244B18E115C28 /* Project object */;
			proxyType = 1;
			remoteGlobalIDString = 586A9EF82B19486BBFEAFC6D;
			remoteInfo = ZERO_CHECK;
		};
		716FD5D6307B4C3AA2FBB52D /* PBXContainerItemProxy */ = {
			isa = PBXContainerItemProxy;
			containerPortal = E934B03CD95244B18E115C28 /* Project object */;
			proxyType = 1;
			remoteGlobalIDString = 695306669B4A41DE922369ED;
			remoteInfo = main;
		};
/* End PBXContainerItemProxy section */

/* Begin PBXFileReference section */
		372E487B1CD71E76006E66D5 /* CFNetwork.framework */ = {isa = PBXFileReference; lastKnownFileType = wrapper.framework; name = CFNetwork.framework; path = System/Library/Frameworks/CFNetwork.framework; sourceTree = SDKROOT; };
		372E487D1CD71EB6006E66D5 /* IOKit.framework */ = {isa = PBXFileReference; lastKnownFileType = wrapper.framework; name = IOKit.framework; path = System/Library/Frameworks/IOKit.framework; sourceTree = SDKROOT; };
		372E487F1CD71EBA006E66D5 /* OpenGL.framework */ = {isa = PBXFileReference; lastKnownFileType = wrapper.framework; name = OpenGL.framework; path = System/Library/Frameworks/OpenGL.framework; sourceTree = SDKROOT; };
		372E48811CD71EC0006E66D5 /* CoreFoundation.framework */ = {isa = PBXFileReference; lastKnownFileType = wrapper.framework; name = CoreFoundation.framework; path = System/Library/Frameworks/CoreFoundation.framework; sourceTree = SDKROOT; };
		372E48831CD71EC5006E66D5 /* Foundation.framework */ = {isa = PBXFileReference; lastKnownFileType = wrapper.framework; name = Foundation.framework; path = System/Library/Frameworks/Foundation.framework; sourceTree = SDKROOT; };
		372E48851CD71EC9006E66D5 /* CoreGraphics.framework */ = {isa = PBXFileReference; lastKnownFileType = wrapper.framework; name = CoreGraphics.framework; path = System/Library/Frameworks/CoreGraphics.framework; sourceTree = SDKROOT; };
		372E48871CD71ED3006E66D5 /* Cocoa.framework */ = {isa = PBXFileReference; lastKnownFileType = wrapper.framework; name = Cocoa.framework; path = System/Library/Frameworks/Cocoa.framework; sourceTree = SDKROOT; };
		372E48891CD71EDF006E66D5 /* CoreVideo.framework */ = {isa = PBXFileReference; lastKnownFileType = wrapper.framework; name = CoreVideo.framework; path = System/Library/Frameworks/CoreVideo.framework; sourceTree = SDKROOT; };
		98BD38C0AEF44736985C24E1 /* CMakeLists.txt */ = {isa = PBXFileReference; explicitFileType = sourcecode.text; fileEncoding = 4; lastKnownFileType = text; path = CMakeLists.txt; sourceTree = SOURCE_ROOT; };
		A6D7159C029B483DA98B36D6 /* CMakeLists.txt */ = {isa = PBXFileReference; explicitFileType = sourcecode.text; fileEncoding = 4; lastKnownFileType = text; path = CMakeLists.txt; sourceTree = SOURCE_ROOT; };
		B37DF9E80CC749629BDCE9C0 /* CMakeLists.txt */ = {isa = PBXFileReference; explicitFileType = sourcecode.text; fileEncoding = 4; lastKnownFileType = text; path = CMakeLists.txt; sourceTree = SOURCE_ROOT; };
		B80F5194FA9E4BEA977731DE /* main.cpp */ = {isa = PBXFileReference; explicitFileType = sourcecode.cpp.cpp; fileEncoding = 4; path = main.cpp; sourceTree = SOURCE_ROOT; };
		C73A3278DD7E4879B5D5E4B9 /* main */ = {isa = PBXFileReference; explicitFileType = "compiled.mach-o.executable"; path = main; sourceTree = BUILT_PRODUCTS_DIR; };
/* End PBXFileReference section */

/* Begin PBXFrameworksBuildPhase section */
		372E487A1CD71E71006E66D5 /* Frameworks */ = {
			isa = PBXFrameworksBuildPhase;
			buildActionMask = 2147483647;
			files = (
				372E488A1CD71EDF006E66D5 /* CoreVideo.framework in Frameworks */,
				372E48881CD71ED3006E66D5 /* Cocoa.framework in Frameworks */,
				372E48861CD71EC9006E66D5 /* CoreGraphics.framework in Frameworks */,
				372E48841CD71EC5006E66D5 /* Foundation.framework in Frameworks */,
				372E48821CD71EC0006E66D5 /* CoreFoundation.framework in Frameworks */,
				372E48801CD71EBA006E66D5 /* OpenGL.framework in Frameworks */,
				372E487E1CD71EB6006E66D5 /* IOKit.framework in Frameworks */,
				372E487C1CD71E76006E66D5 /* CFNetwork.framework in Frameworks */,
			);
			runOnlyForDeploymentPostprocessing = 0;
		};
/* End PBXFrameworksBuildPhase section */

/* Begin PBXGroup section */
		05D60530C2B84A7F994815F7 /* Sources */ = {
			isa = PBXGroup;
			children = (
				892E7D5778944433A5B5700C /* main */,
				C40FE53783354E5AA7D91535 /* ALL_BUILD */,
				B7FE20BB660547C2821999DF /* ZERO_CHECK */,
			);
			name = Sources;
			sourceTree = "<group>";
		};
		09AF0A869ECA4256AE447C7B = {
			isa = PBXGroup;
			children = (
				372E48891CD71EDF006E66D5 /* CoreVideo.framework */,
				372E48871CD71ED3006E66D5 /* Cocoa.framework */,
				372E48851CD71EC9006E66D5 /* CoreGraphics.framework */,
				372E48831CD71EC5006E66D5 /* Foundation.framework */,
				372E48811CD71EC0006E66D5 /* CoreFoundation.framework */,
				372E487F1CD71EBA006E66D5 /* OpenGL.framework */,
				372E487D1CD71EB6006E66D5 /* IOKit.framework */,
				372E487B1CD71E76006E66D5 /* CFNetwork.framework */,
				05D60530C2B84A7F994815F7 /* Sources */,
				6345C0082E414EF998BFA392 /* Resources */,
				81B6A6AA1C2B48288800A82E /* Products */,
			);
			sourceTree = "<group>";
		};
		48337798B9E241CBBFC7CF9F /* Source Files */ = {
			isa = PBXGroup;
			children = (
				B80F5194FA9E4BEA977731DE /* main.cpp */,
			);
			name = "Source Files";
			sourceTree = "<group>";
		};
		556223FDFC214EF0B5E0CCB1 /* CMake Rules */ = {
			isa = PBXGroup;
			children = (
			);
			name = "CMake Rules";
			sourceTree = "<group>";
		};
		6345C0082E414EF998BFA392 /* Resources */ = {
			isa = PBXGroup;
			children = (
			);
			name = Resources;
			sourceTree = "<group>";
		};
		81B6A6AA1C2B48288800A82E /* Products */ = {
			isa = PBXGroup;
			children = (
				C73A3278DD7E4879B5D5E4B9 /* main */,
			);
			name = Products;
			sourceTree = "<group>";
		};
		892E7D5778944433A5B5700C /* main */ = {
			isa = PBXGroup;
			children = (
				48337798B9E241CBBFC7CF9F /* Source Files */,
				A6D7159C029B483DA98B36D6 /* CMakeLists.txt */,
			);
			name = main;
			sourceTree = "<group>";
		};
		B2999D95A867467CA8FE44E2 /* CMake Rules */ = {
			isa = PBXGroup;
			children = (
			);
			name = "CMake Rules";
			sourceTree = "<group>";
		};
		B7FE20BB660547C2821999DF /* ZERO_CHECK */ = {
			isa = PBXGroup;
			children = (
				B2999D95A867467CA8FE44E2 /* CMake Rules */,
				98BD38C0AEF44736985C24E1 /* CMakeLists.txt */,
			);
			name = ZERO_CHECK;
			sourceTree = "<group>";
		};
		C40FE53783354E5AA7D91535 /* ALL_BUILD */ = {
			isa = PBXGroup;
			children = (
				556223FDFC214EF0B5E0CCB1 /* CMake Rules */,
				B37DF9E80CC749629BDCE9C0 /* CMakeLists.txt */,
			);
			name = ALL_BUILD;
			sourceTree = "<group>";
		};
/* End PBXGroup section */

/* Begin PBXNativeTarget section */
		695306669B4A41DE922369ED /* main */ = {
			isa = PBXNativeTarget;
			buildConfigurationList = BEB5D8221A7E4D07AAC89268 /* Build configuration list for PBXNativeTarget "main" */;
			buildPhases = (
				44FB5A7DF6D742FFBD2D7AF4 /* Sources */,
				372E487A1CD71E71006E66D5 /* Frameworks */,
			);
			buildRules = (
			);
			dependencies = (
				AAC6AB7125804480BE6FB14F /* PBXTargetDependency */,
			);
			name = main;
			productName = main;
			productReference = C73A3278DD7E4879B5D5E4B9 /* main */;
			productType = "com.apple.product-type.tool";
		};
/* End PBXNativeTarget section */

/* Begin PBXProject section */
		E934B03CD95244B18E115C28 /* Project object */ = {
			isa = PBXProject;
			attributes = {
				BuildIndependentTargetsInParallel = YES;
			};
			buildConfigurationList = CF8E945162694550B3958850 /* Build configuration list for PBXProject "linux_opengl_3_3_test" */;
			compatibilityVersion = "Xcode 3.2";
			developmentRegion = English;
			hasScannedForEncodings = 0;
			knownRegions = (
				en,
			);
			mainGroup = 09AF0A869ECA4256AE447C7B;
			projectDirPath = "";
			projectRoot = "";
			targets = (
				75D03955FC8A4E76BA0D5143 /* ALL_BUILD */,
				586A9EF82B19486BBFEAFC6D /* ZERO_CHECK */,
				695306669B4A41DE922369ED /* main */,
			);
		};
/* End PBXProject section */

/* Begin PBXShellScriptBuildPhase section */
		1FEB4920577F47A58E3F51D5 /* CMake Rules */ = {
			isa = PBXShellScriptBuildPhase;
			buildActionMask = 2147483647;
			files = (
			);
			name = "CMake Rules";
			runOnlyForDeploymentPostprocessing = 0;
			shellPath = /bin/sh;
			shellScript = "make -C /Volumes/RamDisk/cgal_test/linux_opengl_3_3_test -f /Volumes/RamDisk/cgal_test/linux_opengl_3_3_test/CMakeScripts/ZERO_CHECK_cmakeRulesBuildPhase.make$CONFIGURATION all";
			showEnvVarsInLog = 0;
		};
		B16B0630B55845F49FB37423 /* CMake Rules */ = {
			isa = PBXShellScriptBuildPhase;
			buildActionMask = 2147483647;
			files = (
			);
			name = "CMake Rules";
			runOnlyForDeploymentPostprocessing = 0;
			shellPath = /bin/sh;
			shellScript = "make -C /Volumes/RamDisk/cgal_test/linux_opengl_3_3_test -f /Volumes/RamDisk/cgal_test/linux_opengl_3_3_test/CMakeScripts/ALL_BUILD_cmakeRulesBuildPhase.make$CONFIGURATION all";
			showEnvVarsInLog = 0;
		};
/* End PBXShellScriptBuildPhase section */

/* Begin PBXSourcesBuildPhase section */
		44FB5A7DF6D742FFBD2D7AF4 /* Sources */ = {
			isa = PBXSourcesBuildPhase;
			buildActionMask = 2147483647;
			files = (
				C0F963A2A8D4403F81C9A2E3 /* main.cpp in Sources */,
			);
			runOnlyForDeploymentPostprocessing = 0;
		};
/* End PBXSourcesBuildPhase section */

/* Begin PBXTargetDependency section */
		2B24CD5ECA124357A92C2E61 /* PBXTargetDependency */ = {
			isa = PBXTargetDependency;
			target = 695306669B4A41DE922369ED /* main */;
			targetProxy = 716FD5D6307B4C3AA2FBB52D /* PBXContainerItemProxy */;
		};
		6EEC23268D8B4AFBA7196A21 /* PBXTargetDependency */ = {
			isa = PBXTargetDependency;
			target = 586A9EF82B19486BBFEAFC6D /* ZERO_CHECK */;
			targetProxy = 0457774BA4B744DB9FD09EA3 /* PBXContainerItemProxy */;
		};
		AAC6AB7125804480BE6FB14F /* PBXTargetDependency */ = {
			isa = PBXTargetDependency;
			target = 586A9EF82B19486BBFEAFC6D /* ZERO_CHECK */;
			targetProxy = 5751F5F423A94899B3EFB57C /* PBXContainerItemProxy */;
		};
/* End PBXTargetDependency section */

/* Begin XCBuildConfiguration section */
		09F4BE6BB15E4996ADBB3FB9 /* RelWithDebInfo */ = {
			isa = XCBuildConfiguration;
			buildSettings = {
				COMBINE_HIDPI_IMAGES = YES;
				GCC_GENERATE_DEBUGGING_SYMBOLS = NO;
				GCC_INLINES_ARE_PRIVATE_EXTERN = NO;
				GCC_OPTIMIZATION_LEVEL = 0;
				GCC_PREPROCESSOR_DEFINITIONS = (
					"'CMAKE_INTDIR=\"$(CONFIGURATION)$(EFFECTIVE_PLATFORM_NAME)\"'",
					CGAL_USE_MPFR,
					CGAL_USE_GMPXX,
					CGAL_USE_GMP,
				);
				GCC_SYMBOLS_PRIVATE_EXTERN = NO;
				HEADER_SEARCH_PATHS = (
					/usr/local/include,
					/Volumes/RamDisk/cgal_test/linux_opengl_3_3_test,
					/usr/local/Cellar/glfw3/3.1.2/include,
					/usr/local/Cellar/glew/1.11.0/include/GL,
					/usr/local/include/assimp,
				);
				INSTALL_PATH = "";
				OTHER_CFLAGS = "  ";
				OTHER_LDFLAGS = " ";
				OTHER_REZFLAGS = "";
				PRODUCT_NAME = ZERO_CHECK;
				SECTORDER_FLAGS = "";
				SYMROOT = /Volumes/RamDisk/cgal_test/linux_opengl_3_3_test;
				USE_HEADERMAP = NO;
				WARNING_CFLAGS = (
					"-Wmost",
					"-Wno-four-char-constants",
					"-Wno-unknown-pragmas",
					"$(inherited)",
				);
			};
			name = RelWithDebInfo;
		};
		0F3EE9CEA2194D94BD04DC65 /* Debug */ = {
			isa = XCBuildConfiguration;
			buildSettings = {
				COMBINE_HIDPI_IMAGES = YES;
				EXECUTABLE_PREFIX = "";
				EXECUTABLE_SUFFIX = "";
				GCC_GENERATE_DEBUGGING_SYMBOLS = YES;
				GCC_INLINES_ARE_PRIVATE_EXTERN = NO;
				GCC_OPTIMIZATION_LEVEL = 0;
				GCC_PREPROCESSOR_DEFINITIONS = (
					"'CMAKE_INTDIR=\"$(CONFIGURATION)$(EFFECTIVE_PLATFORM_NAME)\"'",
					CGAL_USE_MPFR,
					CGAL_USE_GMPXX,
					CGAL_USE_GMP,
				);
				GCC_SYMBOLS_PRIVATE_EXTERN = NO;
				HEADER_SEARCH_PATHS = (
					/usr/local/include,
					/Volumes/RamDisk/cgal_test/linux_opengl_3_3_test,
					/usr/local/Cellar/glfw3/3.1.2/include,
					/usr/local/Cellar/glew/1.11.0/include/GL,
					/usr/local/include/assimp,
					/usr/local/include/eigen3/,
				);
				INSTALL_PATH = "";
				LD_RUNPATH_SEARCH_PATHS = /usr/local/lib;
				LIBRARY_SEARCH_PATHS = (
					"/usr/local/lib/$(CONFIGURATION)$(EFFECTIVE_PLATFORM_NAME)",
					/usr/local/lib,
				);
				OTHER_CFLAGS = "    ";
				OTHER_CPLUSPLUSFLAGS = "    --std=c++11     ";
				OTHER_LDFLAGS = (
					"-Wl,-dylib_file,/System/Library/Frameworks/OpenGL.framework/Versions/A/Libraries/libGL.dylib:/System/Library/Frameworks/OpenGL.framework/Versions/A/Libraries/libGL.dylib",
					"-Wl,-search_paths_first",
					"-Wl,-headerpad_max_install_names",
					/usr/local/lib/libmpfr.dylib,
					/usr/local/lib/libgmpxx.dylib,
					/usr/local/lib/libgmp.dylib,
					/usr/local/lib/libCGAL.11.0.2.dylib,
					"/usr/local/lib/libboost_thread-mt.dylib",
					"/usr/local/lib/libboost_system-mt.dylib",
					"-lGLEW",
					"-lglfw3",
					"-ldl",
					"-lassimp",
					/usr/local/lib/libCGAL.11.0.2.dylib,
					"/usr/local/lib/libboost_thread-mt.dylib",
					"/usr/local/lib/libboost_system-mt.dylib",
					"-lGLEW",
					"-lglfw3",
					"-ldl",
					"-lassimp",
				);
				OTHER_REZFLAGS = "";
				PRODUCT_NAME = main;
				SECTORDER_FLAGS = "";
				SYMROOT = /Volumes/RamDisk/cgal_test/linux_opengl_3_3_test;
				USE_HEADERMAP = NO;
				WARNING_CFLAGS = (
					"-Wmost",
					"-Wno-four-char-constants",
					"-Wno-unknown-pragmas",
					"$(inherited)",
				);
			};
			name = Debug;
		};
		21933BFB48E4454296825543 /* RelWithDebInfo */ = {
			isa = XCBuildConfiguration;
			buildSettings = {
				COMBINE_HIDPI_IMAGES = YES;
				GCC_GENERATE_DEBUGGING_SYMBOLS = NO;
				GCC_INLINES_ARE_PRIVATE_EXTERN = NO;
				GCC_OPTIMIZATION_LEVEL = 0;
				GCC_PREPROCESSOR_DEFINITIONS = (
					"'CMAKE_INTDIR=\"$(CONFIGURATION)$(EFFECTIVE_PLATFORM_NAME)\"'",
					CGAL_USE_MPFR,
					CGAL_USE_GMPXX,
					CGAL_USE_GMP,
				);
				GCC_SYMBOLS_PRIVATE_EXTERN = NO;
				HEADER_SEARCH_PATHS = (
					/usr/local/include,
					/Volumes/RamDisk/cgal_test/linux_opengl_3_3_test,
					/usr/local/Cellar/glfw3/3.1.2/include,
					/usr/local/Cellar/glew/1.11.0/include/GL,
					/usr/local/include/assimp,
				);
				INSTALL_PATH = "";
				OTHER_CFLAGS = "  ";
				OTHER_LDFLAGS = " ";
				OTHER_REZFLAGS = "";
				PRODUCT_NAME = ALL_BUILD;
				SECTORDER_FLAGS = "";
				SYMROOT = /Volumes/RamDisk/cgal_test/linux_opengl_3_3_test;
				USE_HEADERMAP = NO;
				WARNING_CFLAGS = (
					"-Wmost",
					"-Wno-four-char-constants",
					"-Wno-unknown-pragmas",
					"$(inherited)",
				);
			};
			name = RelWithDebInfo;
		};
		3DDC9E42EFB44CBC9298035E /* Debug */ = {
			isa = XCBuildConfiguration;
			buildSettings = {
				ARCHS = "$(ARCHS_STANDARD_32_64_BIT)";
				ONLY_ACTIVE_ARCH = YES;
				SDKROOT = /Applications/Xcode.app/Contents/Developer/Platforms/MacOSX.platform/Developer/SDKs/MacOSX10.11.sdk;
				SYMROOT = /Volumes/RamDisk/cgal_test/linux_opengl_3_3_test/build;
			};
			name = Debug;
		};
		4379557423924C7FBF65C44F /* Release */ = {
			isa = XCBuildConfiguration;
			buildSettings = {
				COMBINE_HIDPI_IMAGES = YES;
				GCC_GENERATE_DEBUGGING_SYMBOLS = NO;
				GCC_INLINES_ARE_PRIVATE_EXTERN = NO;
				GCC_OPTIMIZATION_LEVEL = 0;
				GCC_PREPROCESSOR_DEFINITIONS = (
					"'CMAKE_INTDIR=\"$(CONFIGURATION)$(EFFECTIVE_PLATFORM_NAME)\"'",
					CGAL_USE_MPFR,
					CGAL_USE_GMPXX,
					CGAL_USE_GMP,
				);
				GCC_SYMBOLS_PRIVATE_EXTERN = NO;
				HEADER_SEARCH_PATHS = (
					/usr/local/include,
					/Volumes/RamDisk/cgal_test/linux_opengl_3_3_test,
					/usr/local/Cellar/glfw3/3.1.2/include,
					/usr/local/Cellar/glew/1.11.0/include/GL,
					/usr/local/include/assimp,
				);
				INSTALL_PATH = "";
				OTHER_CFLAGS = "  ";
				OTHER_LDFLAGS = " ";
				OTHER_REZFLAGS = "";
				PRODUCT_NAME = ALL_BUILD;
				SECTORDER_FLAGS = "";
				SYMROOT = /Volumes/RamDisk/cgal_test/linux_opengl_3_3_test;
				USE_HEADERMAP = NO;
				WARNING_CFLAGS = (
					"-Wmost",
					"-Wno-four-char-constants",
					"-Wno-unknown-pragmas",
					"$(inherited)",
				);
			};
			name = Release;
		};
		5BD7129D5FFC4DFB9872C49D /* Debug */ = {
			isa = XCBuildConfiguration;
			buildSettings = {
				COMBINE_HIDPI_IMAGES = YES;
				GCC_GENERATE_DEBUGGING_SYMBOLS = NO;
				GCC_INLINES_ARE_PRIVATE_EXTERN = NO;
				GCC_OPTIMIZATION_LEVEL = 0;
				GCC_PREPROCESSOR_DEFINITIONS = (
					"'CMAKE_INTDIR=\"$(CONFIGURATION)$(EFFECTIVE_PLATFORM_NAME)\"'",
					CGAL_USE_MPFR,
					CGAL_USE_GMPXX,
					CGAL_USE_GMP,
				);
				GCC_SYMBOLS_PRIVATE_EXTERN = NO;
				HEADER_SEARCH_PATHS = (
					/usr/local/include,
					/Volumes/RamDisk/cgal_test/linux_opengl_3_3_test,
					/usr/local/Cellar/glfw3/3.1.2/include,
					/usr/local/Cellar/glew/1.11.0/include/GL,
					/usr/local/include/assimp,
				);
				INSTALL_PATH = "";
				OTHER_CFLAGS = "  ";
				OTHER_LDFLAGS = " ";
				OTHER_REZFLAGS = "";
				PRODUCT_NAME = ZERO_CHECK;
				SECTORDER_FLAGS = "";
				SYMROOT = /Volumes/RamDisk/cgal_test/linux_opengl_3_3_test;
				USE_HEADERMAP = NO;
				WARNING_CFLAGS = (
					"-Wmost",
					"-Wno-four-char-constants",
					"-Wno-unknown-pragmas",
					"$(inherited)",
				);
			};
			name = Debug;
		};
		7582C22B4BAB482797CA4CCF /* MinSizeRel */ = {
			isa = XCBuildConfiguration;
			buildSettings = {
				ARCHS = "$(ARCHS_STANDARD_32_64_BIT)";
				ONLY_ACTIVE_ARCH = YES;
				SDKROOT = /Applications/Xcode.app/Contents/Developer/Platforms/MacOSX.platform/Developer/SDKs/MacOSX10.11.sdk;
				SYMROOT = /Volumes/RamDisk/cgal_test/linux_opengl_3_3_test/build;
			};
			name = MinSizeRel;
		};
		76237D6142D84CCC9C647BC7 /* MinSizeRel */ = {
			isa = XCBuildConfiguration;
			buildSettings = {
				COMBINE_HIDPI_IMAGES = YES;
				GCC_GENERATE_DEBUGGING_SYMBOLS = NO;
				GCC_INLINES_ARE_PRIVATE_EXTERN = NO;
				GCC_OPTIMIZATION_LEVEL = 0;
				GCC_PREPROCESSOR_DEFINITIONS = (
					"'CMAKE_INTDIR=\"$(CONFIGURATION)$(EFFECTIVE_PLATFORM_NAME)\"'",
					CGAL_USE_MPFR,
					CGAL_USE_GMPXX,
					CGAL_USE_GMP,
				);
				GCC_SYMBOLS_PRIVATE_EXTERN = NO;
				HEADER_SEARCH_PATHS = (
					/usr/local/include,
					/Volumes/RamDisk/cgal_test/linux_opengl_3_3_test,
					/usr/local/Cellar/glfw3/3.1.2/include,
					/usr/local/Cellar/glew/1.11.0/include/GL,
					/usr/local/include/assimp,
				);
				INSTALL_PATH = "";
				OTHER_CFLAGS = "  ";
				OTHER_LDFLAGS = " ";
				OTHER_REZFLAGS = "";
				PRODUCT_NAME = ALL_BUILD;
				SECTORDER_FLAGS = "";
				SYMROOT = /Volumes/RamDisk/cgal_test/linux_opengl_3_3_test;
				USE_HEADERMAP = NO;
				WARNING_CFLAGS = (
					"-Wmost",
					"-Wno-four-char-constants",
					"-Wno-unknown-pragmas",
					"$(inherited)",
				);
			};
			name = MinSizeRel;
		};
		8659B927117E4B25A7458ECF /* RelWithDebInfo */ = {
			isa = XCBuildConfiguration;
			buildSettings = {
				ARCHS = "$(ARCHS_STANDARD_32_64_BIT)";
				ONLY_ACTIVE_ARCH = YES;
				SDKROOT = /Applications/Xcode.app/Contents/Developer/Platforms/MacOSX.platform/Developer/SDKs/MacOSX10.11.sdk;
				SYMROOT = /Volumes/RamDisk/cgal_test/linux_opengl_3_3_test/build;
			};
			name = RelWithDebInfo;
		};
		996333C1C761453293438B25 /* MinSizeRel */ = {
			isa = XCBuildConfiguration;
			buildSettings = {
				COMBINE_HIDPI_IMAGES = YES;
				GCC_GENERATE_DEBUGGING_SYMBOLS = NO;
				GCC_INLINES_ARE_PRIVATE_EXTERN = NO;
				GCC_OPTIMIZATION_LEVEL = 0;
				GCC_PREPROCESSOR_DEFINITIONS = (
					"'CMAKE_INTDIR=\"$(CONFIGURATION)$(EFFECTIVE_PLATFORM_NAME)\"'",
					CGAL_USE_MPFR,
					CGAL_USE_GMPXX,
					CGAL_USE_GMP,
				);
				GCC_SYMBOLS_PRIVATE_EXTERN = NO;
				HEADER_SEARCH_PATHS = (
					/usr/local/include,
					/Volumes/RamDisk/cgal_test/linux_opengl_3_3_test,
					/usr/local/Cellar/glfw3/3.1.2/include,
					/usr/local/Cellar/glew/1.11.0/include/GL,
					/usr/local/include/assimp,
				);
				INSTALL_PATH = "";
				OTHER_CFLAGS = "  ";
				OTHER_LDFLAGS = " ";
				OTHER_REZFLAGS = "";
				PRODUCT_NAME = ZERO_CHECK;
				SECTORDER_FLAGS = "";
				SYMROOT = /Volumes/RamDisk/cgal_test/linux_opengl_3_3_test;
				USE_HEADERMAP = NO;
				WARNING_CFLAGS = (
					"-Wmost",
					"-Wno-four-char-constants",
					"-Wno-unknown-pragmas",
					"$(inherited)",
				);
			};
			name = MinSizeRel;
		};
		B2BECA156EA24076B6EC4343 /* Release */ = {
			isa = XCBuildConfiguration;
			buildSettings = {
				ARCHS = "$(ARCHS_STANDARD_32_64_BIT)";
				ONLY_ACTIVE_ARCH = YES;
				SDKROOT = /Applications/Xcode.app/Contents/Developer/Platforms/MacOSX.platform/Developer/SDKs/MacOSX10.11.sdk;
				SYMROOT = /Volumes/RamDisk/cgal_test/linux_opengl_3_3_test/build;
			};
			name = Release;
		};
		C790E89D6D7140A1A53EAFD9 /* Release */ = {
			isa = XCBuildConfiguration;
			buildSettings = {
				COMBINE_HIDPI_IMAGES = YES;
				GCC_GENERATE_DEBUGGING_SYMBOLS = NO;
				GCC_INLINES_ARE_PRIVATE_EXTERN = NO;
				GCC_OPTIMIZATION_LEVEL = 0;
				GCC_PREPROCESSOR_DEFINITIONS = (
					"'CMAKE_INTDIR=\"$(CONFIGURATION)$(EFFECTIVE_PLATFORM_NAME)\"'",
					CGAL_USE_MPFR,
					CGAL_USE_GMPXX,
					CGAL_USE_GMP,
				);
				GCC_SYMBOLS_PRIVATE_EXTERN = NO;
				HEADER_SEARCH_PATHS = (
					/usr/local/include,
					/Volumes/RamDisk/cgal_test/linux_opengl_3_3_test,
					/usr/local/Cellar/glfw3/3.1.2/include,
					/usr/local/Cellar/glew/1.11.0/include/GL,
					/usr/local/include/assimp,
				);
				INSTALL_PATH = "";
				OTHER_CFLAGS = "  ";
				OTHER_LDFLAGS = " ";
				OTHER_REZFLAGS = "";
				PRODUCT_NAME = ZERO_CHECK;
				SECTORDER_FLAGS = "";
				SYMROOT = /Volumes/RamDisk/cgal_test/linux_opengl_3_3_test;
				USE_HEADERMAP = NO;
				WARNING_CFLAGS = (
					"-Wmost",
					"-Wno-four-char-constants",
					"-Wno-unknown-pragmas",
					"$(inherited)",
				);
			};
			name = Release;
		};
		C889EF81D5A44889A288372B /* MinSizeRel */ = {
			isa = XCBuildConfiguration;
			buildSettings = {
				COMBINE_HIDPI_IMAGES = YES;
				EXECUTABLE_PREFIX = "";
				EXECUTABLE_SUFFIX = "";
				GCC_GENERATE_DEBUGGING_SYMBOLS = NO;
				GCC_INLINES_ARE_PRIVATE_EXTERN = NO;
				GCC_OPTIMIZATION_LEVEL = s;
				GCC_PREPROCESSOR_DEFINITIONS = (
					"'CMAKE_INTDIR=\"$(CONFIGURATION)$(EFFECTIVE_PLATFORM_NAME)\"'",
					CGAL_USE_MPFR,
					CGAL_USE_GMPXX,
					CGAL_USE_GMP,
				);
				GCC_SYMBOLS_PRIVATE_EXTERN = NO;
				HEADER_SEARCH_PATHS = (
					/usr/local/include,
					/Volumes/RamDisk/cgal_test/linux_opengl_3_3_test,
					/usr/local/Cellar/glfw3/3.1.2/include,
					/usr/local/Cellar/glew/1.11.0/include/GL,
					/usr/local/include/assimp,
					/usr/local/include/eigen3/,
				);
				INSTALL_PATH = "";
				LD_RUNPATH_SEARCH_PATHS = /usr/local/lib;
				LIBRARY_SEARCH_PATHS = (
					"/usr/local/lib/$(CONFIGURATION)$(EFFECTIVE_PLATFORM_NAME)",
					/usr/local/lib,
				);
				OTHER_CFLAGS = "    -DNDEBUG   ";
				OTHER_CPLUSPLUSFLAGS = (
					"--std=c++11",
					"-DNDEBUG",
					"-g",
				);
				OTHER_LDFLAGS = (
					"-Wl,-dylib_file,/System/Library/Frameworks/OpenGL.framework/Versions/A/Libraries/libGL.dylib:/System/Library/Frameworks/OpenGL.framework/Versions/A/Libraries/libGL.dylib",
					"-Wl,-search_paths_first",
					"-Wl,-headerpad_max_install_names",
					/usr/local/lib/libmpfr.dylib,
					/usr/local/lib/libgmpxx.dylib,
					/usr/local/lib/libgmp.dylib,
					/usr/local/lib/libCGAL.11.0.2.dylib,
					"/usr/local/lib/libboost_thread-mt.dylib",
					"/usr/local/lib/libboost_system-mt.dylib",
					"-lGLEW",
					"-lglfw3",
					"-ldl",
					"-lassimp",
					/usr/local/lib/libCGAL.11.0.2.dylib,
					"/usr/local/lib/libboost_thread-mt.dylib",
					"/usr/local/lib/libboost_system-mt.dylib",
					"-lGLEW",
					"-lglfw3",
					"-ldl",
					"-lassimp",
				);
				OTHER_REZFLAGS = "";
				PRODUCT_NAME = main;
				SECTORDER_FLAGS = "";
				SYMROOT = /Volumes/RamDisk/cgal_test/linux_opengl_3_3_test;
				USE_HEADERMAP = NO;
				WARNING_CFLAGS = (
					"-Wmost",
					"-Wno-four-char-constants",
					"-Wno-unknown-pragmas",
					"$(inherited)",
				);
			};
			name = MinSizeRel;
		};
		CB73663058EB4828B03438BD /* RelWithDebInfo */ = {
			isa = XCBuildConfiguration;
			buildSettings = {
				COMBINE_HIDPI_IMAGES = YES;
				EXECUTABLE_PREFIX = "";
				EXECUTABLE_SUFFIX = "";
				GCC_GENERATE_DEBUGGING_SYMBOLS = YES;
				GCC_INLINES_ARE_PRIVATE_EXTERN = NO;
				GCC_OPTIMIZATION_LEVEL = 2;
				GCC_PREPROCESSOR_DEFINITIONS = (
					"'CMAKE_INTDIR=\"$(CONFIGURATION)$(EFFECTIVE_PLATFORM_NAME)\"'",
					CGAL_USE_MPFR,
					CGAL_USE_GMPXX,
					CGAL_USE_GMP,
				);
				GCC_SYMBOLS_PRIVATE_EXTERN = NO;
				HEADER_SEARCH_PATHS = (
					/usr/local/include,
					/Volumes/RamDisk/cgal_test/linux_opengl_3_3_test,
					/usr/local/Cellar/glfw3/3.1.2/include,
					/usr/local/Cellar/glew/1.11.0/include/GL,
					/usr/local/include/assimp,
					/usr/local/include/eigen3/,
				);
				INSTALL_PATH = "";
				LD_RUNPATH_SEARCH_PATHS = /usr/local/lib;
				LIBRARY_SEARCH_PATHS = (
					"/usr/local/lib/$(CONFIGURATION)$(EFFECTIVE_PLATFORM_NAME)",
					/usr/local/lib,
				);
				OTHER_CFLAGS = "       -DNDEBUG  ";
				OTHER_CPLUSPLUSFLAGS = (
					"--std=c++11",
					"-DNDEBUG",
				);
				OTHER_LDFLAGS = (
					"-Wl,-dylib_file,/System/Library/Frameworks/OpenGL.framework/Versions/A/Libraries/libGL.dylib:/System/Library/Frameworks/OpenGL.framework/Versions/A/Libraries/libGL.dylib",
					"-Wl,-search_paths_first",
					"-Wl,-headerpad_max_install_names",
					/usr/local/lib/libmpfr.dylib,
					/usr/local/lib/libgmpxx.dylib,
					/usr/local/lib/libgmp.dylib,
					/usr/local/lib/libCGAL.11.0.2.dylib,
					"/usr/local/lib/libboost_thread-mt.dylib",
					"/usr/local/lib/libboost_system-mt.dylib",
					"-lGLEW",
					"-lglfw3",
					"-ldl",
					"-lassimp",
					/usr/local/lib/libCGAL.11.0.2.dylib,
					"/usr/local/lib/libboost_thread-mt.dylib",
					"/usr/local/lib/libboost_system-mt.dylib",
					"-lGLEW",
					"-lglfw3",
					"-ldl",
					"-lassimp",
				);
				OTHER_REZFLAGS = "";
				PRODUCT_NAME = main;
				SECTORDER_FLAGS = "";
				SYMROOT = /Volumes/RamDisk/cgal_test/linux_opengl_3_3_test;
				USE_HEADERMAP = NO;
				WARNING_CFLAGS = (
					"-Wmost",
					"-Wno-four-char-constants",
					"-Wno-unknown-pragmas",
					"$(inherited)",
				);
			};
			name = RelWithDebInfo;
		};
		E48E93B858F14D0B9D3C87DB /* Debug */ = {
			isa = XCBuildConfiguration;
			buildSettings = {
				COMBINE_HIDPI_IMAGES = YES;
				GCC_GENERATE_DEBUGGING_SYMBOLS = NO;
				GCC_INLINES_ARE_PRIVATE_EXTERN = NO;
				GCC_OPTIMIZATION_LEVEL = 0;
				GCC_PREPROCESSOR_DEFINITIONS = (
					"'CMAKE_INTDIR=\"$(CONFIGURATION)$(EFFECTIVE_PLATFORM_NAME)\"'",
					CGAL_USE_MPFR,
					CGAL_USE_GMPXX,
					CGAL_USE_GMP,
				);
				GCC_SYMBOLS_PRIVATE_EXTERN = NO;
				HEADER_SEARCH_PATHS = (
					/usr/local/include,
					/Volumes/RamDisk/cgal_test/linux_opengl_3_3_test,
					/usr/local/Cellar/glfw3/3.1.2/include,
					/usr/local/Cellar/glew/1.11.0/include/GL,
					/usr/local/include/assimp,
				);
				INSTALL_PATH = "";
				OTHER_CFLAGS = "  ";
				OTHER_LDFLAGS = " ";
				OTHER_REZFLAGS = "";
				PRODUCT_NAME = ALL_BUILD;
				SECTORDER_FLAGS = "";
				SYMROOT = /Volumes/RamDisk/cgal_test/linux_opengl_3_3_test;
				USE_HEADERMAP = NO;
				WARNING_CFLAGS = (
					"-Wmost",
					"-Wno-four-char-constants",
					"-Wno-unknown-pragmas",
					"$(inherited)",
				);
			};
			name = Debug;
		};
		FA0DD9AD023847E2AFBC5744 /* Release */ = {
			isa = XCBuildConfiguration;
			buildSettings = {
				COMBINE_HIDPI_IMAGES = YES;
				EXECUTABLE_PREFIX = "";
				EXECUTABLE_SUFFIX = "";
				GCC_GENERATE_DEBUGGING_SYMBOLS = NO;
				GCC_INLINES_ARE_PRIVATE_EXTERN = NO;
				GCC_OPTIMIZATION_LEVEL = 3;
				GCC_PREPROCESSOR_DEFINITIONS = (
					"'CMAKE_INTDIR=\"$(CONFIGURATION)$(EFFECTIVE_PLATFORM_NAME)\"'",
					CGAL_USE_MPFR,
					CGAL_USE_GMPXX,
					CGAL_USE_GMP,
				);
				GCC_SYMBOLS_PRIVATE_EXTERN = NO;
				HEADER_SEARCH_PATHS = (
					/usr/local/include,
					/Volumes/RamDisk/cgal_test/linux_opengl_3_3_test,
					/usr/local/Cellar/glfw3/3.1.2/include,
					/usr/local/Cellar/glew/1.11.0/include/GL,
					/usr/local/include/assimp,
					/usr/local/include/eigen3/,
				);
				INSTALL_PATH = "";
				LD_RUNPATH_SEARCH_PATHS = /usr/local/lib;
				LIBRARY_SEARCH_PATHS = (
					"/usr/local/lib/$(CONFIGURATION)$(EFFECTIVE_PLATFORM_NAME)",
					/usr/local/lib,
				);
				OTHER_CFLAGS = "    -DNDEBUG   ";
				OTHER_CPLUSPLUSFLAGS = (
					"--std=c++11",
					"-DNDEBUG",
					"-g",
				);
				OTHER_LDFLAGS = (
					"-Wl,-dylib_file,/System/Library/Frameworks/OpenGL.framework/Versions/A/Libraries/libGL.dylib:/System/Library/Frameworks/OpenGL.framework/Versions/A/Libraries/libGL.dylib",
					"-Wl,-search_paths_first",
					"-Wl,-headerpad_max_install_names",
					/usr/local/lib/libmpfr.dylib,
					/usr/local/lib/libgmpxx.dylib,
					/usr/local/lib/libgmp.dylib,
					/usr/local/lib/libCGAL.11.0.2.dylib,
					"/usr/local/lib/libboost_thread-mt.dylib",
					"/usr/local/lib/libboost_system-mt.dylib",
					"-lGLEW",
					"-lglfw3",
					"-ldl",
					"-lassimp",
					/usr/local/lib/libCGAL.11.0.2.dylib,
					"/usr/local/lib/libboost_thread-mt.dylib",
					"/usr/local/lib/libboost_system-mt.dylib",
					"-lGLEW",
					"-lglfw3",
					"-ldl",
					"-lassimp",
				);
				OTHER_REZFLAGS = "";
				PRODUCT_NAME = main;
				SECTORDER_FLAGS = "";
				SYMROOT = /Volumes/RamDisk/cgal_test/linux_opengl_3_3_test;
				USE_HEADERMAP = NO;
				WARNING_CFLAGS = (
					"-Wmost",
					"-Wno-four-char-constants",
					"-Wno-unknown-pragmas",
					"$(inherited)",
				);
			};
			name = Release;
		};
/* End XCBuildConfiguration section */

/* Begin XCConfigurationList section */
		0B55B1411225436090E129DB /* Build configuration list for PBXAggregateTarget "ZERO_CHECK" */ = {
			isa = XCConfigurationList;
			buildConfigurations = (
				5BD7129D5FFC4DFB9872C49D /* Debug */,
				C790E89D6D7140A1A53EAFD9 /* Release */,
				996333C1C761453293438B25 /* MinSizeRel */,
				09F4BE6BB15E4996ADBB3FB9 /* RelWithDebInfo */,
			);
			defaultConfigurationIsVisible = 0;
			defaultConfigurationName = Debug;
		};
		9B1B1202397D4C82A2E0DE37 /* Build configuration list for PBXAggregateTarget "ALL_BUILD" */ = {
			isa = XCConfigurationList;
			buildConfigurations = (
				E48E93B858F14D0B9D3C87DB /* Debug */,
				4379557423924C7FBF65C44F /* Release */,
				76237D6142D84CCC9C647BC7 /* MinSizeRel */,
				21933BFB48E4454296825543 /* RelWithDebInfo */,
			);
			defaultConfigurationIsVisible = 0;
			defaultConfigurationName = Debug;
		};
		BEB5D8221A7E4D07AAC89268 /* Build configuration list for PBXNativeTarget "main" */ = {
			isa = XCConfigurationList;
			buildConfigurations = (
				0F3EE9CEA2194D94BD04DC65 /* Debug */,
				FA0DD9AD023847E2AFBC5744 /* Release */,
				C889EF81D5A44889A288372B /* MinSizeRel */,
				CB73663058EB4828B03438BD /* RelWithDebInfo */,
			);
			defaultConfigurationIsVisible = 0;
			defaultConfigurationName = Debug;
		};
		CF8E945162694550B3958850 /* Build configuration list for PBXProject "linux_opengl_3_3_test" */ = {
			isa = XCConfigurationList;
			buildConfigurations = (
				3DDC9E42EFB44CBC9298035E /* Debug */,
				B2BECA156EA24076B6EC4343 /* Release */,
				7582C22B4BAB482797CA4CCF /* MinSizeRel */,
				8659B927117E4B25A7458ECF /* RelWithDebInfo */,
			);
			defaultConfigurationIsVisible = 0;
			defaultConfigurationName = Debug;
		};
/* End XCConfigurationList section */
	};
	rootObject = E934B03CD95244B18E115C28 /* Project object */;
}
